
Microsoft Visual Studio Solution File, Format Version 12.00
# Visual Studio Version 17
VisualStudioVersion = 17.12.35527.113 d17.12
MinimumVisualStudioVersion = 10.0.40219.1
Project("{FAE04EC0-301F-11D3-BF4B-00C04F79EFBC}") = "AngularWithASP.Server", "AngularWithASP.Server\AngularWithASP.Server.csproj", "{28EF63E2-6953-41FC-9117-9E4DB7534A1D}"
EndProject
Project("{54A90642-561A-4BB1-A94E-469ADEE60C69}") = "angularwithasp.client", "angularwithasp.client\angularwithasp.client.esproj", "{C7909FD7-2EE6-4D82-9BEC-696BDA19622F}"
EndProject
Global
	GlobalSection(SolutionConfigurationPlatforms) = preSolution
		Debug|Any CPU = Debug|Any CPU
		Release|Any CPU = Release|Any CPU
	EndGlobalSection
	GlobalSection(ProjectConfigurationPlatforms) = postSolution
		{28EF63E2-6953-41FC-9117-9E4DB7534A1D}.Debug|Any CPU.ActiveCfg = Debug|Any CPU
		{28EF63E2-6953-41FC-9117-9E4DB7534A1D}.Debug|Any CPU.Build.0 = Debug|Any CPU
		{28EF63E2-6953-41FC-9117-9E4DB7534A1D}.Release|Any CPU.ActiveCfg = Release|Any CPU
		{28EF63E2-6953-41FC-9117-9E4DB7534A1D}.Release|Any CPU.Build.0 = Release|Any CPU
		{C7909FD7-2EE6-4D82-9BEC-696BDA19622F}.Debug|Any CPU.ActiveCfg = Debug|Any CPU
		{C7909FD7-2EE6-4D82-9BEC-696BDA19622F}.Debug|Any CPU.Build.0 = Debug|Any CPU
		{C7909FD7-2EE6-4D82-9BEC-696BDA19622F}.Debug|Any CPU.Deploy.0 = Debug|Any CPU
		{C7909FD7-2EE6-4D82-9BEC-696BDA19622F}.Release|Any CPU.ActiveCfg = Release|Any CPU
		{C7909FD7-2EE6-4D82-9BEC-696BDA19622F}.Release|Any CPU.Build.0 = Release|Any CPU
		{C7909FD7-2EE6-4D82-9BEC-696BDA19622F}.Release|Any CPU.Deploy.0 = Release|Any CPU
	EndGlobalSection
	GlobalSection(SolutionProperties) = preSolution
		HideSolutionNode = FALSE
	EndGlobalSection
EndGlobal
